
Microsoft Visual Studio Solution File, Format Version 12.00
# Visual Studio Version 17
VisualStudioVersion = 17.4.33213.308
MinimumVisualStudioVersion = 10.0.40219.1
Project("{FAE04EC0-301F-11D3-BF4B-00C04F79EFBC}") = "WpfApp14", "WpfApp14\WpfApp14.csproj", "{2BB1D710-9481-4292-8F3A-1ABA50B63B64}"
EndProject
Global
	GlobalSection(SolutionConfigurationPlatforms) = preSolution
		Debug|Any CPU = Debug|Any CPU
		Release|Any CPU = Release|Any CPU
	EndGlobalSection
	GlobalSection(ProjectConfigurationPlatforms) = postSolution
		{2BB1D710-9481-4292-8F3A-1ABA50B63B64}.Debug|Any CPU.ActiveCfg = Debug|Any CPU
		{2BB1D710-9481-4292-8F3A-1ABA50B63B64}.Debug|Any CPU.Build.0 = Debug|Any CPU
		{2BB1D710-9481-4292-8F3A-1ABA50B63B64}.Release|Any CPU.ActiveCfg = Release|Any CPU
		{2BB1D710-9481-4292-8F3A-1ABA50B63B64}.Release|Any CPU.Build.0 = Release|Any CPU
	EndGlobalSection
	GlobalSection(SolutionProperties) = preSolution
		HideSolutionNode = FALSE
	EndGlobalSection
	GlobalSection(ExtensibilityGlobals) = postSolution
		SolutionGuid = {66D1F08C-452B-476E-BFC6-1C42474C6FDE}
	EndGlobalSection
EndGlobal
